// !$*UTF8*$!
{
	archiveVersion = 1;
	classes = {
	};
	objectVersion = 77;
	objects = {

/* Begin PBXBuildFile section */
		0EA7FA6E73661C70CD7CAD41 /* AIProvider.swift in Sources */ = {isa = PBXBuildFile; fileRef = 9A9C56F4B25266F466D3185D /* AIProvider.swift */; };
		1744A95F5EE05498D20230E8 /* LaunchScreen.storyboard in Resources */ = {isa = PBXBuildFile; fileRef = C00D65F993173C2CC6E26A18 /* LaunchScreen.storyboard */; };
		17CEE77B557FD959FBC35487 /* DoctorProfileView.swift in Sources */ = {isa = PBXBuildFile; fileRef = 3DF868C2A9A63E8772B87DC7 /* DoctorProfileView.swift */; };
		1F666E194E06CB40FEA3C1C9 /* Placeholders.swift in Sources */ = {isa = PBXBuildFile; fileRef = EA2264ED1E4C0711BEEF6350 /* Placeholders.swift */; };
		268907223950E5A235F2660F /* HomeView.swift in Sources */ = {isa = PBXBuildFile; fileRef = C453A752DF062EE62F616650 /* HomeView.swift */; };
		2B827C4FD5CA10BB9C212884 /* RecordDetailView.swift in Sources */ = {isa = PBXBuildFile; fileRef = 9225368FA9D29214E3C0D7AE /* RecordDetailView.swift */; };
		33F0BE2292E9D3CDB34D9AE8 /* AppointmentsView.swift in Sources */ = {isa = PBXBuildFile; fileRef = 8FDD801760670C0A99DB67AB /* AppointmentsView.swift */; };
		3A05D7028789A95D0F777C65 /* AppTheme.swift in Sources */ = {isa = PBXBuildFile; fileRef = BBA4AE500DD8CE321B68BA47 /* AppTheme.swift */; };
		4DB7817CFCA91771C3F6E5A0 /* GigaChatConfig.swift in Sources */ = {isa = PBXBuildFile; fileRef = 0F1BF5D29665AFB2549BD08D /* GigaChatConfig.swift */; };
		4ECD9E5931C574055D31A3E8 /* ProfileView.swift in Sources */ = {isa = PBXBuildFile; fileRef = 1DE0162AD119F0AE8BB7C70D /* ProfileView.swift */; };
		62AAA6A51B15D54B0DA1225B /* HomeSections.swift in Sources */ = {isa = PBXBuildFile; fileRef = 7C45C0241F5C4BC32A542C8F /* HomeSections.swift */; };
		638B458CE27A82C64350170A /* Assets.xcassets in Resources */ = {isa = PBXBuildFile; fileRef = 80D0AD394578CE7BE533BEBE /* Assets.xcassets */; };
		653C7D3467572BD917007669 /* RootTabView.swift in Sources */ = {isa = PBXBuildFile; fileRef = FF78AC6323D0B34D87875752 /* RootTabView.swift */; };
		682775839E50FEE59474578F /* DoctorSearchView.swift in Sources */ = {isa = PBXBuildFile; fileRef = B2BC8B22FDED34719F3C347C /* DoctorSearchView.swift */; };
		6C32D8A5D9702534E577296A /* AssistantView.swift in Sources */ = {isa = PBXBuildFile; fileRef = A7C4669BB81778D1BA5A1B97 /* AssistantView.swift */; };
		6EE54F86A730E31C19851D47 /* MockAIProvider.swift in Sources */ = {isa = PBXBuildFile; fileRef = BCB6FE976AEE229AF1B05CCC /* MockAIProvider.swift */; };
		8DA2C6CD9290D566AE52D903 /* AIModels.swift in Sources */ = {isa = PBXBuildFile; fileRef = EBA6306325771792A25B0B96 /* AIModels.swift */; };
		95C343515BA926A53A0D2EF3 /* ExtendedModels.swift in Sources */ = {isa = PBXBuildFile; fileRef = CF3C6D22C2102710F8A8FEF4 /* ExtendedModels.swift */; };
		A74F86537B0439611B5A6AC5 /* SupabaseConfig.swift in Sources */ = {isa = PBXBuildFile; fileRef = 24200AB8549D911BB7812F52 /* SupabaseConfig.swift */; };
		AAA14A19BE2AC33B9C2761B3 /* Models.swift in Sources */ = {isa = PBXBuildFile; fileRef = AE7619F3EE36C9E8B035451D /* Models.swift */; };
		C9344BFA33D782CDDB360153 /* ChatComponents.swift in Sources */ = {isa = PBXBuildFile; fileRef = 3AE5A3FEAFE6B2D9E1AD843B /* ChatComponents.swift */; };
		CE4F52F8F924100829B7951A /* SehatyApp.swift in Sources */ = {isa = PBXBuildFile; fileRef = 7A6038897DEF0DB8773C3D38 /* SehatyApp.swift */; };
		D12A119E6C0FCA22899A3EC5 /* AppState.swift in Sources */ = {isa = PBXBuildFile; fileRef = B518BE8C739559CAF5D57433 /* AppState.swift */; };
		E4546BAEAE00D8F304DDBF8C /* GigaChatProvider.swift in Sources */ = {isa = PBXBuildFile; fileRef = 8B3F56AB2E78AA138FFC2F0E /* GigaChatProvider.swift */; };
		E79D1F5A6F0A5B5BBB9DD58A /* MedicalRecordsView.swift in Sources */ = {isa = PBXBuildFile; fileRef = 8A0D26C9B37F6A735006F903 /* MedicalRecordsView.swift */; };
		E8ADEAD54DBE3E224C9F4390 /* BookingConfirmView.swift in Sources */ = {isa = PBXBuildFile; fileRef = BF505EAEB414FACBE5773228 /* BookingConfirmView.swift */; };
/* End PBXBuildFile section */

/* Begin PBXFileReference section */
		0F1BF5D29665AFB2549BD08D /* GigaChatConfig.swift */ = {isa = PBXFileReference; lastKnownFileType = sourcecode.swift; path = GigaChatConfig.swift; sourceTree = "<group>"; };
		1DE0162AD119F0AE8BB7C70D /* ProfileView.swift */ = {isa = PBXFileReference; lastKnownFileType = sourcecode.swift; path = ProfileView.swift; sourceTree = "<group>"; };
		24200AB8549D911BB7812F52 /* SupabaseConfig.swift */ = {isa = PBXFileReference; lastKnownFileType = sourcecode.swift; path = SupabaseConfig.swift; sourceTree = "<group>"; };
		2F4BA4144C89CE7B5C7D0266 /* concept-pulse.app */ = {isa = PBXFileReference; includeInIndex = 0; lastKnownFileType = wrapper.application; path = "concept-pulse.app"; sourceTree = BUILT_PRODUCTS_DIR; };
		3AE5A3FEAFE6B2D9E1AD843B /* ChatComponents.swift */ = {isa = PBXFileReference; lastKnownFileType = sourcecode.swift; path = ChatComponents.swift; sourceTree = "<group>"; };
		3DF868C2A9A63E8772B87DC7 /* DoctorProfileView.swift */ = {isa = PBXFileReference; lastKnownFileType = sourcecode.swift; path = DoctorProfileView.swift; sourceTree = "<group>"; };
		7A6038897DEF0DB8773C3D38 /* SehatyApp.swift */ = {isa = PBXFileReference; lastKnownFileType = sourcecode.swift; path = SehatyApp.swift; sourceTree = "<group>"; };
		7C45C0241F5C4BC32A542C8F /* HomeSections.swift */ = {isa = PBXFileReference; lastKnownFileType = sourcecode.swift; path = HomeSections.swift; sourceTree = "<group>"; };
		80D0AD394578CE7BE533BEBE /* Assets.xcassets */ = {isa = PBXFileReference; lastKnownFileType = folder.assetcatalog; path = Assets.xcassets; sourceTree = "<group>"; };
		8A0D26C9B37F6A735006F903 /* MedicalRecordsView.swift */ = {isa = PBXFileReference; lastKnownFileType = sourcecode.swift; path = MedicalRecordsView.swift; sourceTree = "<group>"; };
		8B3F56AB2E78AA138FFC2F0E /* GigaChatProvider.swift */ = {isa = PBXFileReference; lastKnownFileType = sourcecode.swift; path = GigaChatProvider.swift; sourceTree = "<group>"; };
		8FDD801760670C0A99DB67AB /* AppointmentsView.swift */ = {isa = PBXFileReference; lastKnownFileType = sourcecode.swift; path = AppointmentsView.swift; sourceTree = "<group>"; };
		9225368FA9D29214E3C0D7AE /* RecordDetailView.swift */ = {isa = PBXFileReference; lastKnownFileType = sourcecode.swift; path = RecordDetailView.swift; sourceTree = "<group>"; };
		9A9C56F4B25266F466D3185D /* AIProvider.swift */ = {isa = PBXFileReference; lastKnownFileType = sourcecode.swift; path = AIProvider.swift; sourceTree = "<group>"; };
		A7C4669BB81778D1BA5A1B97 /* AssistantView.swift */ = {isa = PBXFileReference; lastKnownFileType = sourcecode.swift; path = AssistantView.swift; sourceTree = "<group>"; };
		AE7619F3EE36C9E8B035451D /* Models.swift */ = {isa = PBXFileReference; lastKnownFileType = sourcecode.swift; path = Models.swift; sourceTree = "<group>"; };
		B2BC8B22FDED34719F3C347C /* DoctorSearchView.swift */ = {isa = PBXFileReference; lastKnownFileType = sourcecode.swift; path = DoctorSearchView.swift; sourceTree = "<group>"; };
		B518BE8C739559CAF5D57433 /* AppState.swift */ = {isa = PBXFileReference; lastKnownFileType = sourcecode.swift; path = AppState.swift; sourceTree = "<group>"; };
		BBA4AE500DD8CE321B68BA47 /* AppTheme.swift */ = {isa = PBXFileReference; lastKnownFileType = sourcecode.swift; path = AppTheme.swift; sourceTree = "<group>"; };
		BCB6FE976AEE229AF1B05CCC /* MockAIProvider.swift */ = {isa = PBXFileReference; lastKnownFileType = sourcecode.swift; path = MockAIProvider.swift; sourceTree = "<group>"; };
		BF505EAEB414FACBE5773228 /* BookingConfirmView.swift */ = {isa = PBXFileReference; lastKnownFileType = sourcecode.swift; path = BookingConfirmView.swift; sourceTree = "<group>"; };
		C453A752DF062EE62F616650 /* HomeView.swift */ = {isa = PBXFileReference; lastKnownFileType = sourcecode.swift; path = HomeView.swift; sourceTree = "<group>"; };
		CF3C6D22C2102710F8A8FEF4 /* ExtendedModels.swift */ = {isa = PBXFileReference; lastKnownFileType = sourcecode.swift; path = ExtendedModels.swift; sourceTree = "<group>"; };
		CFD6B331E17F952EBD0C1DAE /* Info.plist */ = {isa = PBXFileReference; lastKnownFileType = text.plist; path = Info.plist; sourceTree = "<group>"; };
		EA2264ED1E4C0711BEEF6350 /* Placeholders.swift */ = {isa = PBXFileReference; lastKnownFileType = sourcecode.swift; path = Placeholders.swift; sourceTree = "<group>"; };
		EBA6306325771792A25B0B96 /* AIModels.swift */ = {isa = PBXFileReference; lastKnownFileType = sourcecode.swift; path = AIModels.swift; sourceTree = "<group>"; };
		FACF18C94361EB82C7D35972 /* Base */ = {isa = PBXFileReference; lastKnownFileType = file.storyboard; name = Base; path = Base.lproj/LaunchScreen.storyboard; sourceTree = "<group>"; };
		FF78AC6323D0B34D87875752 /* RootTabView.swift */ = {isa = PBXFileReference; lastKnownFileType = sourcecode.swift; path = RootTabView.swift; sourceTree = "<group>"; };
/* End PBXFileReference section */

/* Begin PBXGroup section */
		09B72237FD5826940A4887ED /* AI */ = {
			isa = PBXGroup;
			children = (
				9A9C56F4B25266F466D3185D /* AIProvider.swift */,
				0F1BF5D29665AFB2549BD08D /* GigaChatConfig.swift */,
				8B3F56AB2E78AA138FFC2F0E /* GigaChatProvider.swift */,
				BCB6FE976AEE229AF1B05CCC /* MockAIProvider.swift */,
				24200AB8549D911BB7812F52 /* SupabaseConfig.swift */,
			);
			path = AI;
			sourceTree = "<group>";
		};
		120096637963D8E6333F715E /* concept-pulse */ = {
			isa = PBXGroup;
			children = (
				80D0AD394578CE7BE533BEBE /* Assets.xcassets */,
				CFD6B331E17F952EBD0C1DAE /* Info.plist */,
				C00D65F993173C2CC6E26A18 /* LaunchScreen.storyboard */,
				09B72237FD5826940A4887ED /* AI */,
				C8EECCA60D94F8E030777F38 /* App */,
				8384C11D7AC05CD4DDBCCDC6 /* Features */,
				3936D5F64B78C72F9C5D38AC /* Models */,
				56F245945F9253A26BABE7B4 /* Navigation */,
				BF1345250B83AC874A84CAA0 /* Theme */,
			);
			path = "concept-pulse";
			sourceTree = "<group>";
		};
		3936D5F64B78C72F9C5D38AC /* Models */ = {
			isa = PBXGroup;
			children = (
				EBA6306325771792A25B0B96 /* AIModels.swift */,
				B518BE8C739559CAF5D57433 /* AppState.swift */,
				CF3C6D22C2102710F8A8FEF4 /* ExtendedModels.swift */,
				AE7619F3EE36C9E8B035451D /* Models.swift */,
			);
			path = Models;
			sourceTree = "<group>";
		};
		3FC5EED7F06EA7762B72150A /* Products */ = {
			isa = PBXGroup;
			children = (
				2F4BA4144C89CE7B5C7D0266 /* concept-pulse.app */,
			);
			name = Products;
			sourceTree = "<group>";
		};
		56F245945F9253A26BABE7B4 /* Navigation */ = {
			isa = PBXGroup;
			children = (
				FF78AC6323D0B34D87875752 /* RootTabView.swift */,
			);
			path = Navigation;
			sourceTree = "<group>";
		};
		63277BC52EC845B0014E8F27 = {
			isa = PBXGroup;
			children = (
				120096637963D8E6333F715E /* concept-pulse */,
				3FC5EED7F06EA7762B72150A /* Products */,
			);
			sourceTree = "<group>";
		};
		6F733B9F0C5A1C5C4D582147 /* Home */ = {
			isa = PBXGroup;
			children = (
				7C45C0241F5C4BC32A542C8F /* HomeSections.swift */,
				C453A752DF062EE62F616650 /* HomeView.swift */,
			);
			path = Home;
			sourceTree = "<group>";
		};
		8286EA0BA1318893F039BC87 /* Profile */ = {
			isa = PBXGroup;
			children = (
				1DE0162AD119F0AE8BB7C70D /* ProfileView.swift */,
			);
			path = Profile;
			sourceTree = "<group>";
		};
		8384C11D7AC05CD4DDBCCDC6 /* Features */ = {
			isa = PBXGroup;
			children = (
				BA9D7BF90F1109272B532383 /* Appointments */,
				CB2A27282C42DA864F5AC2B5 /* Assistant */,
				83EE923AE785E76EE607629C /* Doctors */,
				6F733B9F0C5A1C5C4D582147 /* Home */,
				D8D678526A71E7D9E8AC769A /* Placeholders */,
				8286EA0BA1318893F039BC87 /* Profile */,
				D39589CE8BA09C0964A6FFA8 /* Records */,
			);
			path = Features;
			sourceTree = "<group>";
		};
		83EE923AE785E76EE607629C /* Doctors */ = {
			isa = PBXGroup;
			children = (
				BF505EAEB414FACBE5773228 /* BookingConfirmView.swift */,
				3DF868C2A9A63E8772B87DC7 /* DoctorProfileView.swift */,
				B2BC8B22FDED34719F3C347C /* DoctorSearchView.swift */,
			);
			path = Doctors;
			sourceTree = "<group>";
		};
		BA9D7BF90F1109272B532383 /* Appointments */ = {
			isa = PBXGroup;
			children = (
				8FDD801760670C0A99DB67AB /* AppointmentsView.swift */,
			);
			path = Appointments;
			sourceTree = "<group>";
		};
		BF1345250B83AC874A84CAA0 /* Theme */ = {
			isa = PBXGroup;
			children = (
				BBA4AE500DD8CE321B68BA47 /* AppTheme.swift */,
			);
			path = Theme;
			sourceTree = "<group>";
		};
		C8EECCA60D94F8E030777F38 /* App */ = {
			isa = PBXGroup;
			children = (
				7A6038897DEF0DB8773C3D38 /* SehatyApp.swift */,
			);
			path = App;
			sourceTree = "<group>";
		};
		CB2A27282C42DA864F5AC2B5 /* Assistant */ = {
			isa = PBXGroup;
			children = (
				A7C4669BB81778D1BA5A1B97 /* AssistantView.swift */,
				3AE5A3FEAFE6B2D9E1AD843B /* ChatComponents.swift */,
			);
			path = Assistant;
			sourceTree = "<group>";
		};
		D39589CE8BA09C0964A6FFA8 /* Records */ = {
			isa = PBXGroup;
			children = (
				8A0D26C9B37F6A735006F903 /* MedicalRecordsView.swift */,
				9225368FA9D29214E3C0D7AE /* RecordDetailView.swift */,
			);
			path = Records;
			sourceTree = "<group>";
		};
		D8D678526A71E7D9E8AC769A /* Placeholders */ = {
			isa = PBXGroup;
			children = (
				EA2264ED1E4C0711BEEF6350 /* Placeholders.swift */,
			);
			path = Placeholders;
			sourceTree = "<group>";
		};
/* End PBXGroup section */

/* Begin PBXNativeTarget section */
		68D861995BA5B4AABAB9AC44 /* concept-pulse */ = {
			isa = PBXNativeTarget;
			buildConfigurationList = 7B7167EC46E33AD0DAB93CF4 /* Build configuration list for PBXNativeTarget "concept-pulse" */;
			buildPhases = (
				5B4D3C46E240A709DCC15A8E /* Sources */,
				DC74E750AD0F7A05AE7393A5 /* Resources */,
			);
			buildRules = (
			);
			dependencies = (
			);
			name = "concept-pulse";
			packageProductDependencies = (
			);
			productName = "concept-pulse";
			productReference = 2F4BA4144C89CE7B5C7D0266 /* concept-pulse.app */;
			productType = "com.apple.product-type.application";
		};
/* End PBXNativeTarget section */

/* Begin PBXProject section */
		E268B0D379A402BF76C842A5 /* Project object */ = {
			isa = PBXProject;
			attributes = {
				BuildIndependentTargetsInParallel = YES;
				LastUpgradeCheck = 1430;
			};
			buildConfigurationList = 4EEA6BED26EB96F279F9864F /* Build configuration list for PBXProject "concept-pulse" */;
			compatibilityVersion = "Xcode 14.0";
			developmentRegion = en;
			hasScannedForEncodings = 0;
			knownRegions = (
				Base,
				en,
			);
			mainGroup = 63277BC52EC845B0014E8F27;
			minimizedProjectReferenceProxies = 1;
			preferredProjectObjectVersion = 77;
			projectDirPath = "";
			projectRoot = "";
			targets = (
				68D861995BA5B4AABAB9AC44 /* concept-pulse */,
			);
		};
/* End PBXProject section */

/* Begin PBXResourcesBuildPhase section */
		DC74E750AD0F7A05AE7393A5 /* Resources */ = {
			isa = PBXResourcesBuildPhase;
			buildActionMask = 2147483647;
			files = (
				638B458CE27A82C64350170A /* Assets.xcassets in Resources */,
				1744A95F5EE05498D20230E8 /* LaunchScreen.storyboard in Resources */,
			);
			runOnlyForDeploymentPostprocessing = 0;
		};
/* End PBXResourcesBuildPhase section */

/* Begin PBXSourcesBuildPhase section */
		5B4D3C46E240A709DCC15A8E /* Sources */ = {
			isa = PBXSourcesBuildPhase;
			buildActionMask = 2147483647;
			files = (
				8DA2C6CD9290D566AE52D903 /* AIModels.swift in Sources */,
				0EA7FA6E73661C70CD7CAD41 /* AIProvider.swift in Sources */,
				D12A119E6C0FCA22899A3EC5 /* AppState.swift in Sources */,
				3A05D7028789A95D0F777C65 /* AppTheme.swift in Sources */,
				33F0BE2292E9D3CDB34D9AE8 /* AppointmentsView.swift in Sources */,
				6C32D8A5D9702534E577296A /* AssistantView.swift in Sources */,
				E8ADEAD54DBE3E224C9F4390 /* BookingConfirmView.swift in Sources */,
				C9344BFA33D782CDDB360153 /* ChatComponents.swift in Sources */,
				17CEE77B557FD959FBC35487 /* DoctorProfileView.swift in Sources */,
				682775839E50FEE59474578F /* DoctorSearchView.swift in Sources */,
				95C343515BA926A53A0D2EF3 /* ExtendedModels.swift in Sources */,
				4DB7817CFCA91771C3F6E5A0 /* GigaChatConfig.swift in Sources */,
				E4546BAEAE00D8F304DDBF8C /* GigaChatProvider.swift in Sources */,
				62AAA6A51B15D54B0DA1225B /* HomeSections.swift in Sources */,
				268907223950E5A235F2660F /* HomeView.swift in Sources */,
				E79D1F5A6F0A5B5BBB9DD58A /* MedicalRecordsView.swift in Sources */,
				6EE54F86A730E31C19851D47 /* MockAIProvider.swift in Sources */,
				AAA14A19BE2AC33B9C2761B3 /* Models.swift in Sources */,
				1F666E194E06CB40FEA3C1C9 /* Placeholders.swift in Sources */,
				4ECD9E5931C574055D31A3E8 /* ProfileView.swift in Sources */,
				2B827C4FD5CA10BB9C212884 /* RecordDetailView.swift in Sources */,
				653C7D3467572BD917007669 /* RootTabView.swift in Sources */,
				CE4F52F8F924100829B7951A /* SehatyApp.swift in Sources */,
				A74F86537B0439611B5A6AC5 /* SupabaseConfig.swift in Sources */,
			);
			runOnlyForDeploymentPostprocessing = 0;
		};
/* End PBXSourcesBuildPhase section */

/* Begin PBXVariantGroup section */
		C00D65F993173C2CC6E26A18 /* LaunchScreen.storyboard */ = {
			isa = PBXVariantGroup;
			children = (
				FACF18C94361EB82C7D35972 /* Base */,
			);
			name = LaunchScreen.storyboard;
			sourceTree = "<group>";
		};
/* End PBXVariantGroup section */

/* Begin XCBuildConfiguration section */
		8B18A383D29A023913E904BE /* Debug */ = {
			isa = XCBuildConfiguration;
			buildSettings = {
				INFOPLIST_FILE = "concept-pulse/Info.plist";
				IPHONEOS_DEPLOYMENT_TARGET = 17.0;
				PRODUCT_BUNDLE_IDENTIFIER = com.superapp.conceptpulse;
			};
			name = Debug;
		};
		9079A28F635B3FFA7184077A /* Release */ = {
			isa = XCBuildConfiguration;
			buildSettings = {
				INFOPLIST_FILE = "concept-pulse/Info.plist";
				IPHONEOS_DEPLOYMENT_TARGET = 17.0;
				PRODUCT_BUNDLE_IDENTIFIER = com.superapp.conceptpulse;
			};
			name = Release;
		};
		E6029DCC4330FBDDB7ED0FF2 /* Debug */ = {
			isa = XCBuildConfiguration;
			buildSettings = {
				ALWAYS_SEARCH_USER_PATHS = NO;
				ASSETCATALOG_COMPILER_APPICON_NAME = AppIcon;
				CURRENT_PROJECT_VERSION = 1;
				MARKETING_VERSION = 1.0;
				PRODUCT_NAME = "concept-pulse";
				SDKROOT = iphoneos;
				SUPPORTED_PLATFORMS = "iphoneos iphonesimulator";
				SUPPORTS_MACCATALYST = NO;
				SWIFT_VERSION = 5.0;
				TARGETED_DEVICE_FAMILY = 1;
			};
			name = Debug;
		};
		E8739ED910376C072E46FFC7 /* Release */ = {
			isa = XCBuildConfiguration;
			buildSettings = {
				ALWAYS_SEARCH_USER_PATHS = NO;
				ASSETCATALOG_COMPILER_APPICON_NAME = AppIcon;
				CURRENT_PROJECT_VERSION = 1;
				MARKETING_VERSION = 1.0;
				PRODUCT_NAME = "concept-pulse";
				SDKROOT = iphoneos;
				SUPPORTED_PLATFORMS = "iphoneos iphonesimulator";
				SUPPORTS_MACCATALYST = NO;
				SWIFT_VERSION = 5.0;
				TARGETED_DEVICE_FAMILY = 1;
			};
			name = Release;
		};
/* End XCBuildConfiguration section */

/* Begin XCConfigurationList section */
		4EEA6BED26EB96F279F9864F /* Build configuration list for PBXProject "concept-pulse" */ = {
			isa = XCConfigurationList;
			buildConfigurations = (
				E6029DCC4330FBDDB7ED0FF2 /* Debug */,
				E8739ED910376C072E46FFC7 /* Release */,
			);
			defaultConfigurationIsVisible = 0;
			defaultConfigurationName = Debug;
		};
		7B7167EC46E33AD0DAB93CF4 /* Build configuration list for PBXNativeTarget "concept-pulse" */ = {
			isa = XCConfigurationList;
			buildConfigurations = (
				8B18A383D29A023913E904BE /* Debug */,
				9079A28F635B3FFA7184077A /* Release */,
			);
			defaultConfigurationIsVisible = 0;
			defaultConfigurationName = Debug;
		};
/* End XCConfigurationList section */
	};
	rootObject = E268B0D379A402BF76C842A5 /* Project object */;
}
